github.com/brentp/irelate v0.0.1 h1:uVK5yw9XaDzi+04zbob4q9K6u2e5dcdqH7UO1+6Keo0=
github.com/brentp/irelate v0.0.1/go.mod h1:Ct+JzyZC+JSi9WUkw3IGWc/j0yYEt4235wKCfLOKN54=
github.com/brentp/vcfgo v0.0.0-20190824021612-654ed2e5945d h1:i2XBjlwhjIhi3Bsca7w6IBWA108Pf+JWZMtCyKrnhco=
github.com/brentp/vcfgo v0.0.0-20190824021612-654ed2e5945d/go.mod h1:nN0Qx/D3CzwA4yLg2N7jbtSfJ7AUFU2I3J7gq/CmNfc=
